
Microsoft Visual Studio Solution File, Format Version 12.00
# Visual Studio Version 16
VisualStudioVersion = 25.0.1706.7
MinimumVisualStudioVersion = 10.0.40219.1
Project("{FAE04EC0-301F-11D3-BF4B-00C04F79EFBC}") = "ColorPicker", "ColorPicker\ColorPicker.csproj", "{F448CD30-0766-475A-B954-6AFA7635B3D5}"
EndProject
Global
	GlobalSection(SolutionConfigurationPlatforms) = preSolution
		Debug|Any CPU = Debug|Any CPU
		Release|Any CPU = Release|Any CPU
	EndGlobalSection
	GlobalSection(ProjectConfigurationPlatforms) = postSolution
		{F448CD30-0766-475A-B954-6AFA7635B3D5}.Debug|Any CPU.ActiveCfg = Debug|Any CPU
		{F448CD30-0766-475A-B954-6AFA7635B3D5}.Debug|Any CPU.Build.0 = Debug|Any CPU
		{F448CD30-0766-475A-B954-6AFA7635B3D5}.Release|Any CPU.ActiveCfg = Release|Any CPU
		{F448CD30-0766-475A-B954-6AFA7635B3D5}.Release|Any CPU.Build.0 = Release|Any CPU
	EndGlobalSection
	GlobalSection(SolutionProperties) = preSolution
		HideSolutionNode = FALSE
	EndGlobalSection
	GlobalSection(ExtensibilityGlobals) = postSolution
		SolutionGuid = {DA3ACB76-223E-428E-8A0F-F57CAF58296F}
	EndGlobalSection
EndGlobal
